// !$*UTF8*$!
{
	archiveVersion = 1;
	classes = {
	};
	objectVersion = 50;
	objects = {

/* Begin PBXBuildFile section */
		FC16A95721907C510039CCB3 /* AppDelegate.swift in Sources */ = {isa = PBXBuildFile; fileRef = FC16A95621907C510039CCB3 /* AppDelegate.swift */; };
		FC16A95921907C510039CCB3 /* ViewController.swift in Sources */ = {isa = PBXBuildFile; fileRef = FC16A95821907C510039CCB3 /* ViewController.swift */; };
		FC16A95C21907C510039CCB3 /* Main.storyboard in Resources */ = {isa = PBXBuildFile; fileRef = FC16A95A21907C510039CCB3 /* Main.storyboard */; };
		FC16A95E21907C530039CCB3 /* Assets.xcassets in Resources */ = {isa = PBXBuildFile; fileRef = FC16A95D21907C530039CCB3 /* Assets.xcassets */; };
		FC16A96121907C530039CCB3 /* LaunchScreen.storyboard in Resources */ = {isa = PBXBuildFile; fileRef = FC16A95F21907C530039CCB3 /* LaunchScreen.storyboard */; };
		FC16A96921907D610039CCB3 /* PaperView.swift in Sources */ = {isa = PBXBuildFile; fileRef = FC16A96821907D610039CCB3 /* PaperView.swift */; };
		FC16A96C21913EBB0039CCB3 /* UIImage + Convert.swift in Sources */ = {isa = PBXBuildFile; fileRef = FC16A96B21913EBB0039CCB3 /* UIImage + Convert.swift */; };
		FC16A96E219142DB0039CCB3 /* Brush.swift in Sources */ = {isa = PBXBuildFile; fileRef = FC16A96D219142DB0039CCB3 /* Brush.swift */; };
		FC16A970219148A80039CCB3 /* DrawingContext.swift in Sources */ = {isa = PBXBuildFile; fileRef = FC16A96F219148A80039CCB3 /* DrawingContext.swift */; };
		FC16A97921928EC70039CCB3 /* PaperView.xib in Resources */ = {isa = PBXBuildFile; fileRef = FC16A97821928EC70039CCB3 /* PaperView.xib */; };
		FC16A97B219290130039CCB3 /* NSObject+ReuseIdentifier.swift in Sources */ = {isa = PBXBuildFile; fileRef = FC16A97A219290130039CCB3 /* NSObject+ReuseIdentifier.swift */; };
		FC992B69219787FF00DB8272 /* CanvasView.swift in Sources */ = {isa = PBXBuildFile; fileRef = FC992B68219787FF00DB8272 /* CanvasView.swift */; };
		FC992B6B2197886E00DB8272 /* UIScrollView + Custom.swift in Sources */ = {isa = PBXBuildFile; fileRef = FC992B6A2197886E00DB8272 /* UIScrollView + Custom.swift */; };
		FC992B732197A84700DB8272 /* CanvasViewDelegateProxy.swift in Sources */ = {isa = PBXBuildFile; fileRef = FC992B722197A84700DB8272 /* CanvasViewDelegateProxy.swift */; };
/* End PBXBuildFile section */

/* Begin PBXFileReference section */
		FC16A95321907C510039CCB3 /* GDrawingKit.app */ = {isa = PBXFileReference; explicitFileType = wrapper.application; includeInIndex = 0; path = GDrawingKit.app; sourceTree = BUILT_PRODUCTS_DIR; };
		FC16A95621907C510039CCB3 /* AppDelegate.swift */ = {isa = PBXFileReference; lastKnownFileType = sourcecode.swift; path = AppDelegate.swift; sourceTree = "<group>"; };
		FC16A95821907C510039CCB3 /* ViewController.swift */ = {isa = PBXFileReference; lastKnownFileType = sourcecode.swift; path = ViewController.swift; sourceTree = "<group>"; };
		FC16A95B21907C510039CCB3 /* Base */ = {isa = PBXFileReference; lastKnownFileType = file.storyboard; name = Base; path = Base.lproj/Main.storyboard; sourceTree = "<group>"; };
		FC16A95D21907C530039CCB3 /* Assets.xcassets */ = {isa = PBXFileReference; lastKnownFileType = folder.assetcatalog; path = Assets.xcassets; sourceTree = "<group>"; };
		FC16A96021907C530039CCB3 /* Base */ = {isa = PBXFileReference; lastKnownFileType = file.storyboard; name = Base; path = Base.lproj/LaunchScreen.storyboard; sourceTree = "<group>"; };
		FC16A96221907C530039CCB3 /* Info.plist */ = {isa = PBXFileReference; lastKnownFileType = text.plist.xml; path = Info.plist; sourceTree = "<group>"; };
		FC16A96821907D610039CCB3 /* PaperView.swift */ = {isa = PBXFileReference; lastKnownFileType = sourcecode.swift; path = PaperView.swift; sourceTree = "<group>"; };
		FC16A96B21913EBB0039CCB3 /* UIImage + Convert.swift */ = {isa = PBXFileReference; lastKnownFileType = sourcecode.swift; path = "UIImage + Convert.swift"; sourceTree = "<group>"; };
		FC16A96D219142DB0039CCB3 /* Brush.swift */ = {isa = PBXFileReference; lastKnownFileType = sourcecode.swift; path = Brush.swift; sourceTree = "<group>"; };
		FC16A96F219148A80039CCB3 /* DrawingContext.swift */ = {isa = PBXFileReference; lastKnownFileType = sourcecode.swift; path = DrawingContext.swift; sourceTree = "<group>"; };
		FC16A97821928EC70039CCB3 /* PaperView.xib */ = {isa = PBXFileReference; lastKnownFileType = file.xib; path = PaperView.xib; sourceTree = "<group>"; };
		FC16A97A219290130039CCB3 /* NSObject+ReuseIdentifier.swift */ = {isa = PBXFileReference; lastKnownFileType = sourcecode.swift; path = "NSObject+ReuseIdentifier.swift"; sourceTree = "<group>"; };
		FC992B68219787FF00DB8272 /* CanvasView.swift */ = {isa = PBXFileReference; lastKnownFileType = sourcecode.swift; path = CanvasView.swift; sourceTree = "<group>"; };
		FC992B6A2197886E00DB8272 /* UIScrollView + Custom.swift */ = {isa = PBXFileReference; lastKnownFileType = sourcecode.swift; path = "UIScrollView + Custom.swift"; sourceTree = "<group>"; };
		FC992B722197A84700DB8272 /* CanvasViewDelegateProxy.swift */ = {isa = PBXFileReference; lastKnownFileType = sourcecode.swift; path = CanvasViewDelegateProxy.swift; sourceTree = "<group>"; };
/* End PBXFileReference section */

/* Begin PBXFrameworksBuildPhase section */
		FC16A95021907C510039CCB3 /* Frameworks */ = {
			isa = PBXFrameworksBuildPhase;
			buildActionMask = 2147483647;
			files = (
			);
			runOnlyForDeploymentPostprocessing = 0;
		};
/* End PBXFrameworksBuildPhase section */

/* Begin PBXGroup section */
		FC16A94A21907C510039CCB3 = {
			isa = PBXGroup;
			children = (
				FC16A95521907C510039CCB3 /* GDrwaingKit */,
				FC16A95421907C510039CCB3 /* Products */,
			);
			sourceTree = "<group>";
		};
		FC16A95421907C510039CCB3 /* Products */ = {
			isa = PBXGroup;
			children = (
				FC16A95321907C510039CCB3 /* GDrawingKit.app */,
			);
			name = Products;
			sourceTree = "<group>";
		};
		FC16A95521907C510039CCB3 /* GDrwaingKit */ = {
			isa = PBXGroup;
			children = (
				FC16A95621907C510039CCB3 /* AppDelegate.swift */,
				FC16A95821907C510039CCB3 /* ViewController.swift */,
				FC16A95A21907C510039CCB3 /* Main.storyboard */,
				FC16A95D21907C530039CCB3 /* Assets.xcassets */,
				FC16A95F21907C530039CCB3 /* LaunchScreen.storyboard */,
				FC16A96221907C530039CCB3 /* Info.plist */,
				FC16A96A21907D660039CCB3 /* Sources */,
			);
			path = GDrwaingKit;
			sourceTree = "<group>";
		};
		FC16A96A21907D660039CCB3 /* Sources */ = {
			isa = PBXGroup;
			children = (
				FC992B712197A40300DB8272 /* Extension */,
				FC992B702197A3F000DB8272 /* CanvasView */,
				FC16A97621928DA60039CCB3 /* PaperView */,
				FC16A96D219142DB0039CCB3 /* Brush.swift */,
				FC16A96F219148A80039CCB3 /* DrawingContext.swift */,
			);
			path = Sources;
			sourceTree = "<group>";
		};
		FC16A97621928DA60039CCB3 /* PaperView */ = {
			isa = PBXGroup;
			children = (
				FC16A96821907D610039CCB3 /* PaperView.swift */,
				FC16A97821928EC70039CCB3 /* PaperView.xib */,
			);
			path = PaperView;
			sourceTree = "<group>";
		};
		FC992B702197A3F000DB8272 /* CanvasView */ = {
			isa = PBXGroup;
			children = (
				FC992B68219787FF00DB8272 /* CanvasView.swift */,
				FC992B722197A84700DB8272 /* CanvasViewDelegateProxy.swift */,
			);
			path = CanvasView;
			sourceTree = "<group>";
		};
		FC992B712197A40300DB8272 /* Extension */ = {
			isa = PBXGroup;
			children = (
				FC16A96B21913EBB0039CCB3 /* UIImage + Convert.swift */,
				FC16A97A219290130039CCB3 /* NSObject+ReuseIdentifier.swift */,
				FC992B6A2197886E00DB8272 /* UIScrollView + Custom.swift */,
			);
			path = Extension;
			sourceTree = "<group>";
		};
/* End PBXGroup section */

/* Begin PBXNativeTarget section */
		FC16A95221907C510039CCB3 /* GDrawingKit */ = {
			isa = PBXNativeTarget;
			buildConfigurationList = FC16A96521907C530039CCB3 /* Build configuration list for PBXNativeTarget "GDrawingKit" */;
			buildPhases = (
				FC16A94F21907C510039CCB3 /* Sources */,
				FC16A95021907C510039CCB3 /* Frameworks */,
				FC16A95121907C510039CCB3 /* Resources */,
			);
			buildRules = (
			);
			dependencies = (
			);
			name = GDrawingKit;
			productName = UIDrawingKit;
			productReference = FC16A95321907C510039CCB3 /* GDrawingKit.app */;
			productType = "com.apple.product-type.application";
		};
/* End PBXNativeTarget section */

/* Begin PBXProject section */
		FC16A94B21907C510039CCB3 /* Project object */ = {
			isa = PBXProject;
			attributes = {
				LastSwiftUpdateCheck = 1010;
				LastUpgradeCheck = 1010;
				ORGANIZATIONNAME = GwangYongLee;
				TargetAttributes = {
					FC16A95221907C510039CCB3 = {
						CreatedOnToolsVersion = 10.1;
					};
				};
			};
			buildConfigurationList = FC16A94E21907C510039CCB3 /* Build configuration list for PBXProject "GDrawingKit" */;
			compatibilityVersion = "Xcode 9.3";
			developmentRegion = en;
			hasScannedForEncodings = 0;
			knownRegions = (
				en,
				Base,
			);
			mainGroup = FC16A94A21907C510039CCB3;
			productRefGroup = FC16A95421907C510039CCB3 /* Products */;
			projectDirPath = "";
			projectRoot = "";
			targets = (
				FC16A95221907C510039CCB3 /* GDrawingKit */,
			);
		};
/* End PBXProject section */

/* Begin PBXResourcesBuildPhase section */
		FC16A95121907C510039CCB3 /* Resources */ = {
			isa = PBXResourcesBuildPhase;
			buildActionMask = 2147483647;
			files = (
				FC16A96121907C530039CCB3 /* LaunchScreen.storyboard in Resources */,
				FC16A97921928EC70039CCB3 /* PaperView.xib in Resources */,
				FC16A95E21907C530039CCB3 /* Assets.xcassets in Resources */,
				FC16A95C21907C510039CCB3 /* Main.storyboard in Resources */,
			);
			runOnlyForDeploymentPostprocessing = 0;
		};
/* End PBXResourcesBuildPhase section */

/* Begin PBXSourcesBuildPhase section */
		FC16A94F21907C510039CCB3 /* Sources */ = {
			isa = PBXSourcesBuildPhase;
			buildActionMask = 2147483647;
			files = (
				FC992B732197A84700DB8272 /* CanvasViewDelegateProxy.swift in Sources */,
				FC16A95921907C510039CCB3 /* ViewController.swift in Sources */,
				FC16A95721907C510039CCB3 /* AppDelegate.swift in Sources */,
				FC992B69219787FF00DB8272 /* CanvasView.swift in Sources */,
				FC16A96E219142DB0039CCB3 /* Brush.swift in Sources */,
				FC992B6B2197886E00DB8272 /* UIScrollView + Custom.swift in Sources */,
				FC16A970219148A80039CCB3 /* DrawingContext.swift in Sources */,
				FC16A96921907D610039CCB3 /* PaperView.swift in Sources */,
				FC16A96C21913EBB0039CCB3 /* UIImage + Convert.swift in Sources */,
				FC16A97B219290130039CCB3 /* NSObject+ReuseIdentifier.swift in Sources */,
			);
			runOnlyForDeploymentPostprocessing = 0;
		};
/* End PBXSourcesBuildPhase section */

/* Begin PBXVariantGroup section */
		FC16A95A21907C510039CCB3 /* Main.storyboard */ = {
			isa = PBXVariantGroup;
			children = (
				FC16A95B21907C510039CCB3 /* Base */,
			);
			name = Main.storyboard;
			sourceTree = "<group>";
		};
		FC16A95F21907C530039CCB3 /* LaunchScreen.storyboard */ = {
			isa = PBXVariantGroup;
			children = (
				FC16A96021907C530039CCB3 /* Base */,
			);
			name = LaunchScreen.storyboard;
			sourceTree = "<group>";
		};
/* End PBXVariantGroup section */

/* Begin XCBuildConfiguration section */
		FC16A96321907C530039CCB3 /* Debug */ = {
			isa = XCBuildConfiguration;
			buildSettings = {
				ALWAYS_SEARCH_USER_PATHS = NO;
				CLANG_ANALYZER_NONNULL = YES;
				CLANG_ANALYZER_NUMBER_OBJECT_CONVERSION = YES_AGGRESSIVE;
				CLANG_CXX_LANGUAGE_STANDARD = "gnu++14";
				CLANG_CXX_LIBRARY = "libc++";
				CLANG_ENABLE_MODULES = YES;
				CLANG_ENABLE_OBJC_ARC = YES;
				CLANG_ENABLE_OBJC_WEAK = YES;
				CLANG_WARN_BLOCK_CAPTURE_AUTORELEASING = YES;
				CLANG_WARN_BOOL_CONVERSION = YES;
				CLANG_WARN_COMMA = YES;
				CLANG_WARN_CONSTANT_CONVERSION = YES;
				CLANG_WARN_DEPRECATED_OBJC_IMPLEMENTATIONS = YES;
				CLANG_WARN_DIRECT_OBJC_ISA_USAGE = YES_ERROR;
				CLANG_WARN_DOCUMENTATION_COMMENTS = YES;
				CLANG_WARN_EMPTY_BODY = YES;
				CLANG_WARN_ENUM_CONVERSION = YES;
				CLANG_WARN_INFINITE_RECURSION = YES;
				CLANG_WARN_INT_CONVERSION = YES;
				CLANG_WARN_NON_LITERAL_NULL_CONVERSION = YES;
				CLANG_WARN_OBJC_IMPLICIT_RETAIN_SELF = YES;
				CLANG_WARN_OBJC_LITERAL_CONVERSION = YES;
				CLANG_WARN_OBJC_ROOT_CLASS = YES_ERROR;
				CLANG_WARN_RANGE_LOOP_ANALYSIS = YES;
				CLANG_WARN_STRICT_PROTOTYPES = YES;
				CLANG_WARN_SUSPICIOUS_MOVE = YES;
				CLANG_WARN_UNGUARDED_AVAILABILITY = YES_AGGRESSIVE;
				CLANG_WARN_UNREACHABLE_CODE = YES;
				CLANG_WARN__DUPLICATE_METHOD_MATCH = YES;
				CODE_SIGN_IDENTITY = "iPhone Developer";
				COPY_PHASE_STRIP = NO;
				DEBUG_INFORMATION_FORMAT = dwarf;
				ENABLE_STRICT_OBJC_MSGSEND = YES;
				ENABLE_TESTABILITY = YES;
				GCC_C_LANGUAGE_STANDARD = gnu11;
				GCC_DYNAMIC_NO_PIC = NO;
				GCC_NO_COMMON_BLOCKS = YES;
				GCC_OPTIMIZATION_LEVEL = 0;
				GCC_PREPROCESSOR_DEFINITIONS = (
					"DEBUG=1",
					"$(inherited)",
				);
				GCC_WARN_64_TO_32_BIT_CONVERSION = YES;
				GCC_WARN_ABOUT_RETURN_TYPE = YES_ERROR;
				GCC_WARN_UNDECLARED_SELECTOR = YES;
				GCC_WARN_UNINITIALIZED_AUTOS = YES_AGGRESSIVE;
				GCC_WARN_UNUSED_FUNCTION = YES;
				GCC_WARN_UNUSED_VARIABLE = YES;
				IPHONEOS_DEPLOYMENT_TARGET = 12.1;
				MTL_ENABLE_DEBUG_INFO = INCLUDE_SOURCE;
				MTL_FAST_MATH = YES;
				ONLY_ACTIVE_ARCH = YES;
				SDKROOT = iphoneos;
				SWIFT_ACTIVE_COMPILATION_CONDITIONS = DEBUG;
				SWIFT_OPTIMIZATION_LEVEL = "-Onone";
			};
			name = Debug;
		};
		FC16A96421907C530039CCB3 /* Release */ = {
			isa = XCBuildConfiguration;
			buildSettings = {
				ALWAYS_SEARCH_USER_PATHS = NO;
				CLANG_ANALYZER_NONNULL = YES;
				CLANG_ANALYZER_NUMBER_OBJECT_CONVERSION = YES_AGGRESSIVE;
				CLANG_CXX_LANGUAGE_STANDARD = "gnu++14";
				CLANG_CXX_LIBRARY = "libc++";
				CLANG_ENABLE_MODULES = YES;
				CLANG_ENABLE_OBJC_ARC = YES;
				CLANG_ENABLE_OBJC_WEAK = YES;
				CLANG_WARN_BLOCK_CAPTURE_AUTORELEASING = YES;
				CLANG_WARN_BOOL_CONVERSION = YES;
				CLANG_WARN_COMMA = YES;
				CLANG_WARN_CONSTANT_CONVERSION = YES;
				CLANG_WARN_DEPRECATED_OBJC_IMPLEMENTATIONS = YES;
				CLANG_WARN_DIRECT_OBJC_ISA_USAGE = YES_ERROR;
				CLANG_WARN_DOCUMENTATION_COMMENTS = YES;
				CLANG_WARN_EMPTY_BODY = YES;
				CLANG_WARN_ENUM_CONVERSION = YES;
				CLANG_WARN_INFINITE_RECURSION = YES;
				CLANG_WARN_INT_CONVERSION = YES;
				CLANG_WARN_NON_LITERAL_NULL_CONVERSION = YES;
				CLANG_WARN_OBJC_IMPLICIT_RETAIN_SELF = YES;
				CLANG_WARN_OBJC_LITERAL_CONVERSION = YES;
				CLANG_WARN_OBJC_ROOT_CLASS = YES_ERROR;
				CLANG_WARN_RANGE_LOOP_ANALYSIS = YES;
				CLANG_WARN_STRICT_PROTOTYPES = YES;
				CLANG_WARN_SUSPICIOUS_MOVE = YES;
				CLANG_WARN_UNGUARDED_AVAILABILITY = YES_AGGRESSIVE;
				CLANG_WARN_UNREACHABLE_CODE = YES;
				CLANG_WARN__DUPLICATE_METHOD_MATCH = YES;
				CODE_SIGN_IDENTITY = "iPhone Developer";
				COPY_PHASE_STRIP = NO;
				DEBUG_INFORMATION_FORMAT = "dwarf-with-dsym";
				ENABLE_NS_ASSERTIONS = NO;
				ENABLE_STRICT_OBJC_MSGSEND = YES;
				GCC_C_LANGUAGE_STANDARD = gnu11;
				GCC_NO_COMMON_BLOCKS = YES;
				GCC_WARN_64_TO_32_BIT_CONVERSION = YES;
				GCC_WARN_ABOUT_RETURN_TYPE = YES_ERROR;
				GCC_WARN_UNDECLARED_SELECTOR = YES;
				GCC_WARN_UNINITIALIZED_AUTOS = YES_AGGRESSIVE;
				GCC_WARN_UNUSED_FUNCTION = YES;
				GCC_WARN_UNUSED_VARIABLE = YES;
				IPHONEOS_DEPLOYMENT_TARGET = 12.1;
				MTL_ENABLE_DEBUG_INFO = NO;
				MTL_FAST_MATH = YES;
				SDKROOT = iphoneos;
				SWIFT_COMPILATION_MODE = wholemodule;
				SWIFT_OPTIMIZATION_LEVEL = "-O";
				VALIDATE_PRODUCT = YES;
			};
			name = Release;
		};
		FC16A96621907C530039CCB3 /* Debug */ = {
			isa = XCBuildConfiguration;
			buildSettings = {
				ASSETCATALOG_COMPILER_APPICON_NAME = AppIcon;
				CODE_SIGN_STYLE = Automatic;
				DEVELOPMENT_TEAM = EPWV8KDDJE;
				INFOPLIST_FILE = GDrwaingKit/Info.plist;
				IPHONEOS_DEPLOYMENT_TARGET = 9.0;
				LD_RUNPATH_SEARCH_PATHS = (
					"$(inherited)",
					"@executable_path/Frameworks",
				);
				PRODUCT_BUNDLE_IDENTIFIER = com.GwangYongLee.GDrwaingKit;
				PRODUCT_NAME = "$(TARGET_NAME)";
				SWIFT_VERSION = 4.2;
				TARGETED_DEVICE_FAMILY = "1,2";
			};
			name = Debug;
		};
		FC16A96721907C530039CCB3 /* Release */ = {
			isa = XCBuildConfiguration;
			buildSettings = {
				ASSETCATALOG_COMPILER_APPICON_NAME = AppIcon;
				CODE_SIGN_STYLE = Automatic;
				DEVELOPMENT_TEAM = EPWV8KDDJE;
				INFOPLIST_FILE = GDrwaingKit/Info.plist;
				IPHONEOS_DEPLOYMENT_TARGET = 9.0;
				LD_RUNPATH_SEARCH_PATHS = (
					"$(inherited)",
					"@executable_path/Frameworks",
				);
				PRODUCT_BUNDLE_IDENTIFIER = com.GwangYongLee.GDrwaingKit;
				PRODUCT_NAME = "$(TARGET_NAME)";
				SWIFT_VERSION = 4.2;
				TARGETED_DEVICE_FAMILY = "1,2";
			};
			name = Release;
		};
/* End XCBuildConfiguration section */

/* Begin XCConfigurationList section */
		FC16A94E21907C510039CCB3 /* Build configuration list for PBXProject "GDrawingKit" */ = {
			isa = XCConfigurationList;
			buildConfigurations = (
				FC16A96321907C530039CCB3 /* Debug */,
				FC16A96421907C530039CCB3 /* Release */,
			);
			defaultConfigurationIsVisible = 0;
			defaultConfigurationName = Release;
		};
		FC16A96521907C530039CCB3 /* Build configuration list for PBXNativeTarget "GDrawingKit" */ = {
			isa = XCConfigurationList;
			buildConfigurations = (
				FC16A96621907C530039CCB3 /* Debug */,
				FC16A96721907C530039CCB3 /* Release */,
			);
			defaultConfigurationIsVisible = 0;
			defaultConfigurationName = Release;
		};
/* End XCConfigurationList section */
	};
	rootObject = FC16A94B21907C510039CCB3 /* Project object */;
}
